
Microsoft Visual Studio Solution File, Format Version 12.00
# Visual Studio Version 17
VisualStudioVersion = 17.10.35122.118
MinimumVisualStudioVersion = 10.0.40219.1
Project("{FAE04EC0-301F-11D3-BF4B-00C04F79EFBC}") = "RestaurantBooking.Web", "RestaurantBooking.Web\RestaurantBooking.Web.csproj", "{2EC6A4F3-ACA6-4C78-ADAF-FAD1F0F76984}"
EndProject
Global
	GlobalSection(SolutionConfigurationPlatforms) = preSolution
		Debug|Any CPU = Debug|Any CPU
		Release|Any CPU = Release|Any CPU
	EndGlobalSection
	GlobalSection(ProjectConfigurationPlatforms) = postSolution
		{2EC6A4F3-ACA6-4C78-ADAF-FAD1F0F76984}.Debug|Any CPU.ActiveCfg = Debug|Any CPU
		{2EC6A4F3-ACA6-4C78-ADAF-FAD1F0F76984}.Debug|Any CPU.Build.0 = Debug|Any CPU
		{2EC6A4F3-ACA6-4C78-ADAF-FAD1F0F76984}.Release|Any CPU.ActiveCfg = Release|Any CPU
		{2EC6A4F3-ACA6-4C78-ADAF-FAD1F0F76984}.Release|Any CPU.Build.0 = Release|Any CPU
	EndGlobalSection
	GlobalSection(SolutionProperties) = preSolution
		HideSolutionNode = FALSE
	EndGlobalSection
	GlobalSection(ExtensibilityGlobals) = postSolution
		SolutionGuid = {C65BDB67-DFCA-4127-B3F1-5AB8C94B6E7B}
	EndGlobalSection
EndGlobal
